
Microsoft Visual Studio Solution File, Format Version 12.00
# Visual Studio Version 17
VisualStudioVersion = 17.2.32526.322
MinimumVisualStudioVersion = 10.0.40219.1
Project("{9A19103F-16F7-4668-BE54-9A1E7A4F7556}") = "PDBDumper", "PDBDumper\PDBDumper.csproj", "{E6E127CC-2203-44B8-843C-08DBFCFF3F6A}"
EndProject
Project("{9A19103F-16F7-4668-BE54-9A1E7A4F7556}") = "PDBWriter", "PDBWriter\PDBWriter.csproj", "{107D4BCD-1EF6-497D-A458-CC773E55D77F}"
EndProject
Project("{9A19103F-16F7-4668-BE54-9A1E7A4F7556}") = "PDBLib", "PDBLib\PDBLib.csproj", "{E98F4015-7486-4EE8-B84F-D147EA07EEC8}"
EndProject
Project("{9A19103F-16F7-4668-BE54-9A1E7A4F7556}") = "AsmPDBGenerator", "AsmPDBGenerator\AsmPDBGenerator.csproj", "{ECDAE00B-A9D5-48FD-AC6D-9471EF42F2C3}"
EndProject
Project("{9A19103F-16F7-4668-BE54-9A1E7A4F7556}") = "PDBRoundTrip", "PDBRoundTrip\PDBRoundTrip.csproj", "{8F903510-8FA1-407C-A96B-987BFEB56242}"
EndProject
Global
	GlobalSection(SolutionConfigurationPlatforms) = preSolution
		Debug|Any CPU = Debug|Any CPU
		Release|Any CPU = Release|Any CPU
	EndGlobalSection
	GlobalSection(ProjectConfigurationPlatforms) = postSolution
		{E6E127CC-2203-44B8-843C-08DBFCFF3F6A}.Debug|Any CPU.ActiveCfg = Debug|Any CPU
		{E6E127CC-2203-44B8-843C-08DBFCFF3F6A}.Debug|Any CPU.Build.0 = Debug|Any CPU
		{E6E127CC-2203-44B8-843C-08DBFCFF3F6A}.Release|Any CPU.ActiveCfg = Release|Any CPU
		{E6E127CC-2203-44B8-843C-08DBFCFF3F6A}.Release|Any CPU.Build.0 = Release|Any CPU
		{107D4BCD-1EF6-497D-A458-CC773E55D77F}.Debug|Any CPU.ActiveCfg = Debug|Any CPU
		{107D4BCD-1EF6-497D-A458-CC773E55D77F}.Debug|Any CPU.Build.0 = Debug|Any CPU
		{107D4BCD-1EF6-497D-A458-CC773E55D77F}.Release|Any CPU.ActiveCfg = Release|Any CPU
		{107D4BCD-1EF6-497D-A458-CC773E55D77F}.Release|Any CPU.Build.0 = Release|Any CPU
		{E98F4015-7486-4EE8-B84F-D147EA07EEC8}.Debug|Any CPU.ActiveCfg = Debug|Any CPU
		{E98F4015-7486-4EE8-B84F-D147EA07EEC8}.Debug|Any CPU.Build.0 = Debug|Any CPU
		{E98F4015-7486-4EE8-B84F-D147EA07EEC8}.Release|Any CPU.ActiveCfg = Release|Any CPU
		{E98F4015-7486-4EE8-B84F-D147EA07EEC8}.Release|Any CPU.Build.0 = Release|Any CPU
		{ECDAE00B-A9D5-48FD-AC6D-9471EF42F2C3}.Debug|Any CPU.ActiveCfg = Debug|Any CPU
		{ECDAE00B-A9D5-48FD-AC6D-9471EF42F2C3}.Debug|Any CPU.Build.0 = Debug|Any CPU
		{ECDAE00B-A9D5-48FD-AC6D-9471EF42F2C3}.Release|Any CPU.ActiveCfg = Release|Any CPU
		{ECDAE00B-A9D5-48FD-AC6D-9471EF42F2C3}.Release|Any CPU.Build.0 = Release|Any CPU
		{8F903510-8FA1-407C-A96B-987BFEB56242}.Debug|Any CPU.ActiveCfg = Debug|Any CPU
		{8F903510-8FA1-407C-A96B-987BFEB56242}.Debug|Any CPU.Build.0 = Debug|Any CPU
		{8F903510-8FA1-407C-A96B-987BFEB56242}.Release|Any CPU.ActiveCfg = Release|Any CPU
		{8F903510-8FA1-407C-A96B-987BFEB56242}.Release|Any CPU.Build.0 = Release|Any CPU
	EndGlobalSection
	GlobalSection(SolutionProperties) = preSolution
		HideSolutionNode = FALSE
	EndGlobalSection
	GlobalSection(ExtensibilityGlobals) = postSolution
		SolutionGuid = {C4650D72-6386-4CEB-B878-EF7CE0280577}
	EndGlobalSection
EndGlobal
